PODS:
  - SDWebImage (5.8.4):
    - SDWebImage/Core (= 5.8.4)
  - SDWebImage/Core (5.8.4)
  - VXWMZBanner (0.2.0):
    - SDWebImage

DEPENDENCIES:
  - SDWebImage
  - VXWMZBanner (from `../`)

SPEC REPOS:
  trunk:
    - SDWebImage

EXTERNAL SOURCES:
  VXWMZBanner:
    :path: "../"

SPEC CHECKSUMS:
  SDWebImage: cf6922231e95550934da2ada0f20f2becf2ceba9
  VXWMZBanner: b91e6dafbdcb1ea0543b165c0d89df29c21da62d

PODFILE CHECKSUM: 393c3b278889e9800734bc465759b26dd5060e7b

COCOAPODS: 1.9.0
